
Microsoft Visual Studio Solution File, Format Version 12.00
# Visual Studio Version 16
VisualStudioVersion = 16.0.28803.452
MinimumVisualStudioVersion = 10.0.40219.1
Project("{FAE04EC0-301F-11D3-BF4B-00C04F79EFBC}") = "TestRef", "TestRef\TestRef.csproj", "{EBE3F4C4-826B-4EC4-AFC5-9677A377426F}"
EndProject
Global
	GlobalSection(SolutionConfigurationPlatforms) = preSolution
		Debug|Any CPU = Debug|Any CPU
		Release|Any CPU = Release|Any CPU
	EndGlobalSection
	GlobalSection(ProjectConfigurationPlatforms) = postSolution
		{EBE3F4C4-826B-4EC4-AFC5-9677A377426F}.Debug|Any CPU.ActiveCfg = Debug|Any CPU
		{EBE3F4C4-826B-4EC4-AFC5-9677A377426F}.Debug|Any CPU.Build.0 = Debug|Any CPU
		{EBE3F4C4-826B-4EC4-AFC5-9677A377426F}.Release|Any CPU.ActiveCfg = Release|Any CPU
		{EBE3F4C4-826B-4EC4-AFC5-9677A377426F}.Release|Any CPU.Build.0 = Release|Any CPU
	EndGlobalSection
	GlobalSection(SolutionProperties) = preSolution
		HideSolutionNode = FALSE
	EndGlobalSection
	GlobalSection(ExtensibilityGlobals) = postSolution
		SolutionGuid = {DCC7D432-E69F-4762-BFE5-2870B95E879C}
	EndGlobalSection
EndGlobal
